// !$*UTF8*$!
{
	archiveVersion = 1;
	classes = {
	};
	objectVersion = 55;
	objects = {

/* Begin PBXBuildFile section */
		B0125D5D28EF0FE50050A574 /* NotesViewController.swift in Sources */ = {isa = PBXBuildFile; fileRef = B0125D5C28EF0FE50050A574 /* NotesViewController.swift */; };
		B0125D5F28EF0FF60050A574 /* Notes.storyboard in Resources */ = {isa = PBXBuildFile; fileRef = B0125D5E28EF0FF60050A574 /* Notes.storyboard */; };
		B0125D6128EF10110050A574 /* PopOverViewController.swift in Sources */ = {isa = PBXBuildFile; fileRef = B0125D6028EF10110050A574 /* PopOverViewController.swift */; };
		B0125D6328EF10880050A574 /* NotesViewModel.swift in Sources */ = {isa = PBXBuildFile; fileRef = B0125D6228EF10880050A574 /* NotesViewModel.swift */; };
		B0125D6828EF1F7D0050A574 /* Interaction+CoreDataClass.swift in Sources */ = {isa = PBXBuildFile; fileRef = B0125D6428EF1F7D0050A574 /* Interaction+CoreDataClass.swift */; };
		B0125D6928EF1F7D0050A574 /* Interaction+CoreDataProperties.swift in Sources */ = {isa = PBXBuildFile; fileRef = B0125D6528EF1F7D0050A574 /* Interaction+CoreDataProperties.swift */; };
		B0125D6A28EF1F7D0050A574 /* Person+CoreDataClass.swift in Sources */ = {isa = PBXBuildFile; fileRef = B0125D6628EF1F7D0050A574 /* Person+CoreDataClass.swift */; };
		B0125D6B28EF1F7D0050A574 /* Person+CoreDataProperties.swift in Sources */ = {isa = PBXBuildFile; fileRef = B0125D6728EF1F7D0050A574 /* Person+CoreDataProperties.swift */; };
		B0125D6D28EF2ED30050A574 /* Noteable.swift in Sources */ = {isa = PBXBuildFile; fileRef = B0125D6C28EF2ED30050A574 /* Noteable.swift */; };
		B0125D9528F5C3300050A574 /* InteractionViewModel.swift in Sources */ = {isa = PBXBuildFile; fileRef = B0125D9428F5C3300050A574 /* InteractionViewModel.swift */; };
		B0125D9728F5C33D0050A574 /* InteractionViewController.swift in Sources */ = {isa = PBXBuildFile; fileRef = B0125D9628F5C33D0050A574 /* InteractionViewController.swift */; };
		B0125D9928F5C3490050A574 /* Interaction.storyboard in Resources */ = {isa = PBXBuildFile; fileRef = B0125D9828F5C3490050A574 /* Interaction.storyboard */; };
		B06A873728E5E2B400201623 /* AppDelegate.swift in Sources */ = {isa = PBXBuildFile; fileRef = B06A873628E5E2B400201623 /* AppDelegate.swift */; };
		B06A873928E5E2B400201623 /* SceneDelegate.swift in Sources */ = {isa = PBXBuildFile; fileRef = B06A873828E5E2B400201623 /* SceneDelegate.swift */; };
		B06A874128E5E2B400201623 /* InterAct.xcdatamodeld in Sources */ = {isa = PBXBuildFile; fileRef = B06A873F28E5E2B400201623 /* InterAct.xcdatamodeld */; };
		B06A874628E5E2B500201623 /* LaunchScreen.storyboard in Resources */ = {isa = PBXBuildFile; fileRef = B06A874428E5E2B500201623 /* LaunchScreen.storyboard */; };
		B06A875128E5E2B500201623 /* InterActTests.swift in Sources */ = {isa = PBXBuildFile; fileRef = B06A875028E5E2B500201623 /* InterActTests.swift */; };
		B06A875B28E5E2B500201623 /* InterActUITests.swift in Sources */ = {isa = PBXBuildFile; fileRef = B06A875A28E5E2B500201623 /* InterActUITests.swift */; };
		B06A875D28E5E2B500201623 /* InterActUITestsLaunchTests.swift in Sources */ = {isa = PBXBuildFile; fileRef = B06A875C28E5E2B500201623 /* InterActUITestsLaunchTests.swift */; };
		B06A876A28E5E35900201623 /* AppCoordinator.swift in Sources */ = {isa = PBXBuildFile; fileRef = B06A876928E5E35900201623 /* AppCoordinator.swift */; };
		B06A876D28E5E47A00201623 /* AddPersonViewModel.swift in Sources */ = {isa = PBXBuildFile; fileRef = B06A876C28E5E47A00201623 /* AddPersonViewModel.swift */; };
		B06A876F28E5E49300201623 /* AddPersonViewController.swift in Sources */ = {isa = PBXBuildFile; fileRef = B06A876E28E5E49300201623 /* AddPersonViewController.swift */; };
		B06A877128E5E49E00201623 /* AddPerson.storyboard in Resources */ = {isa = PBXBuildFile; fileRef = B06A877028E5E49E00201623 /* AddPerson.storyboard */; };
		B06A877A28E5E64D00201623 /* PersonListViewModel.swift in Sources */ = {isa = PBXBuildFile; fileRef = B06A877928E5E64D00201623 /* PersonListViewModel.swift */; };
		B06A877E28E5E66B00201623 /* PersonList.storyboard in Resources */ = {isa = PBXBuildFile; fileRef = B06A877D28E5E66B00201623 /* PersonList.storyboard */; };
		B06A878028E5E6D100201623 /* PersonListViewController.swift in Sources */ = {isa = PBXBuildFile; fileRef = B06A877F28E5E6D100201623 /* PersonListViewController.swift */; };
		B06A878428E5EB4500201623 /* RecordInteractionViewController.swift in Sources */ = {isa = PBXBuildFile; fileRef = B06A878328E5EB4500201623 /* RecordInteractionViewController.swift */; };
		B06A878628E5EB5500201623 /* RecordInteraction.storyboard in Resources */ = {isa = PBXBuildFile; fileRef = B06A878528E5EB5500201623 /* RecordInteraction.storyboard */; };
		B06A878828E5EB6700201623 /* RecordInteractionViewModel.swift in Sources */ = {isa = PBXBuildFile; fileRef = B06A878728E5EB6700201623 /* RecordInteractionViewModel.swift */; };
		B06A878A28E5F53E00201623 /* PersonTableViewCell.swift in Sources */ = {isa = PBXBuildFile; fileRef = B06A878928E5F53E00201623 /* PersonTableViewCell.swift */; };
		B0B2EDCE28EB396B000E7795 /* Assets.xcassets in Resources */ = {isa = PBXBuildFile; fileRef = B0B2EDCD28EB396B000E7795 /* Assets.xcassets */; };
		B0B2EDD028EB4638000E7795 /* SettingsCoordinator.swift in Sources */ = {isa = PBXBuildFile; fileRef = B0B2EDCF28EB4638000E7795 /* SettingsCoordinator.swift */; };
		B0B2EDD228EB46C8000E7795 /* RootCoordinator.swift in Sources */ = {isa = PBXBuildFile; fileRef = B0B2EDD128EB46C8000E7795 /* RootCoordinator.swift */; };
		B0B2EDD428EB4E24000E7795 /* SettingsTableViewCell.swift in Sources */ = {isa = PBXBuildFile; fileRef = B0B2EDD328EB4E24000E7795 /* SettingsTableViewCell.swift */; };
		B0B2EDD728EB4F72000E7795 /* FrequencySettingViewController.swift in Sources */ = {isa = PBXBuildFile; fileRef = B0B2EDD628EB4F72000E7795 /* FrequencySettingViewController.swift */; };
		B0B2EDD928EB4F82000E7795 /* FrequencySettingViewModel.swift in Sources */ = {isa = PBXBuildFile; fileRef = B0B2EDD828EB4F82000E7795 /* FrequencySettingViewModel.swift */; };
		B0B2EDDB28EB4F8F000E7795 /* FrequencySetting.storyboard in Resources */ = {isa = PBXBuildFile; fileRef = B0B2EDDA28EB4F8F000E7795 /* FrequencySetting.storyboard */; };
		B0B2EDDD28EB5182000E7795 /* FrequencyTableViewCell.swift in Sources */ = {isa = PBXBuildFile; fileRef = B0B2EDDC28EB5182000E7795 /* FrequencyTableViewCell.swift */; };
		B0D9D3BA28E725F1006EA0DE /* ProfilePicture.swift in Sources */ = {isa = PBXBuildFile; fileRef = B0D9D3B928E725F1006EA0DE /* ProfilePicture.swift */; };
		B0D9D3BD28E780B4006EA0DE /* SettingsViewModel.swift in Sources */ = {isa = PBXBuildFile; fileRef = B0D9D3BC28E780B4006EA0DE /* SettingsViewModel.swift */; };
		B0D9D3BF28E780C8006EA0DE /* SettingsViewController.swift in Sources */ = {isa = PBXBuildFile; fileRef = B0D9D3BE28E780C8006EA0DE /* SettingsViewController.swift */; };
		B0D9D3C128E780D3006EA0DE /* Settings.storyboard in Resources */ = {isa = PBXBuildFile; fileRef = B0D9D3C028E780D3006EA0DE /* Settings.storyboard */; };
		B0D9D3C428EA005D006EA0DE /* Interactions.storyboard in Resources */ = {isa = PBXBuildFile; fileRef = B0D9D3C328EA005D006EA0DE /* Interactions.storyboard */; };
		B0D9D3C628EA0069006EA0DE /* InteractionsViewModel.swift in Sources */ = {isa = PBXBuildFile; fileRef = B0D9D3C528EA0069006EA0DE /* InteractionsViewModel.swift */; };
		B0D9D3C828EA0079006EA0DE /* InteractionsViewController.swift in Sources */ = {isa = PBXBuildFile; fileRef = B0D9D3C728EA0079006EA0DE /* InteractionsViewController.swift */; };
		B0D9D3CA28EA012C006EA0DE /* InteractionTableViewCell.swift in Sources */ = {isa = PBXBuildFile; fileRef = B0D9D3C928EA012C006EA0DE /* InteractionTableViewCell.swift */; };
/* End PBXBuildFile section */

/* Begin PBXContainerItemProxy section */
		B06A874D28E5E2B500201623 /* PBXContainerItemProxy */ = {
			isa = PBXContainerItemProxy;
			containerPortal = B06A872B28E5E2B400201623 /* Project object */;
			proxyType = 1;
			remoteGlobalIDString = B06A873228E5E2B400201623;
			remoteInfo = InterAct;
		};
		B06A875728E5E2B500201623 /* PBXContainerItemProxy */ = {
			isa = PBXContainerItemProxy;
			containerPortal = B06A872B28E5E2B400201623 /* Project object */;
			proxyType = 1;
			remoteGlobalIDString = B06A873228E5E2B400201623;
			remoteInfo = InterAct;
		};
/* End PBXContainerItemProxy section */

/* Begin PBXFileReference section */
		B0125D5C28EF0FE50050A574 /* NotesViewController.swift */ = {isa = PBXFileReference; lastKnownFileType = sourcecode.swift; path = NotesViewController.swift; sourceTree = "<group>"; };
		B0125D5E28EF0FF60050A574 /* Notes.storyboard */ = {isa = PBXFileReference; lastKnownFileType = file.storyboard; path = Notes.storyboard; sourceTree = "<group>"; };
		B0125D6028EF10110050A574 /* PopOverViewController.swift */ = {isa = PBXFileReference; lastKnownFileType = sourcecode.swift; path = PopOverViewController.swift; sourceTree = "<group>"; };
		B0125D6228EF10880050A574 /* NotesViewModel.swift */ = {isa = PBXFileReference; lastKnownFileType = sourcecode.swift; path = NotesViewModel.swift; sourceTree = "<group>"; };
		B0125D6428EF1F7D0050A574 /* Interaction+CoreDataClass.swift */ = {isa = PBXFileReference; lastKnownFileType = sourcecode.swift; path = "Interaction+CoreDataClass.swift"; sourceTree = SOURCE_ROOT; };
		B0125D6528EF1F7D0050A574 /* Interaction+CoreDataProperties.swift */ = {isa = PBXFileReference; lastKnownFileType = sourcecode.swift; path = "Interaction+CoreDataProperties.swift"; sourceTree = SOURCE_ROOT; };
		B0125D6628EF1F7D0050A574 /* Person+CoreDataClass.swift */ = {isa = PBXFileReference; lastKnownFileType = sourcecode.swift; path = "Person+CoreDataClass.swift"; sourceTree = SOURCE_ROOT; };
		B0125D6728EF1F7D0050A574 /* Person+CoreDataProperties.swift */ = {isa = PBXFileReference; lastKnownFileType = sourcecode.swift; path = "Person+CoreDataProperties.swift"; sourceTree = SOURCE_ROOT; };
		B0125D6C28EF2ED30050A574 /* Noteable.swift */ = {isa = PBXFileReference; lastKnownFileType = sourcecode.swift; path = Noteable.swift; sourceTree = "<group>"; };
		B0125D9428F5C3300050A574 /* InteractionViewModel.swift */ = {isa = PBXFileReference; lastKnownFileType = sourcecode.swift; path = InteractionViewModel.swift; sourceTree = "<group>"; };
		B0125D9628F5C33D0050A574 /* InteractionViewController.swift */ = {isa = PBXFileReference; lastKnownFileType = sourcecode.swift; path = InteractionViewController.swift; sourceTree = "<group>"; };
		B0125D9828F5C3490050A574 /* Interaction.storyboard */ = {isa = PBXFileReference; lastKnownFileType = file.storyboard; path = Interaction.storyboard; sourceTree = "<group>"; };
		B06A873328E5E2B400201623 /* InterAct.app */ = {isa = PBXFileReference; explicitFileType = wrapper.application; includeInIndex = 0; path = InterAct.app; sourceTree = BUILT_PRODUCTS_DIR; };
		B06A873628E5E2B400201623 /* AppDelegate.swift */ = {isa = PBXFileReference; lastKnownFileType = sourcecode.swift; path = AppDelegate.swift; sourceTree = "<group>"; };
		B06A873828E5E2B400201623 /* SceneDelegate.swift */ = {isa = PBXFileReference; lastKnownFileType = sourcecode.swift; path = SceneDelegate.swift; sourceTree = "<group>"; };
		B06A874028E5E2B400201623 /* InterAct.xcdatamodel */ = {isa = PBXFileReference; lastKnownFileType = wrapper.xcdatamodel; path = InterAct.xcdatamodel; sourceTree = "<group>"; };
		B06A874528E5E2B500201623 /* Base */ = {isa = PBXFileReference; lastKnownFileType = file.storyboard; name = Base; path = Base.lproj/LaunchScreen.storyboard; sourceTree = "<group>"; };
		B06A874728E5E2B500201623 /* Info.plist */ = {isa = PBXFileReference; lastKnownFileType = text.plist.xml; path = Info.plist; sourceTree = "<group>"; };
		B06A874C28E5E2B500201623 /* InterActTests.xctest */ = {isa = PBXFileReference; explicitFileType = wrapper.cfbundle; includeInIndex = 0; path = InterActTests.xctest; sourceTree = BUILT_PRODUCTS_DIR; };
		B06A875028E5E2B500201623 /* InterActTests.swift */ = {isa = PBXFileReference; lastKnownFileType = sourcecode.swift; path = InterActTests.swift; sourceTree = "<group>"; };
		B06A875628E5E2B500201623 /* InterActUITests.xctest */ = {isa = PBXFileReference; explicitFileType = wrapper.cfbundle; includeInIndex = 0; path = InterActUITests.xctest; sourceTree = BUILT_PRODUCTS_DIR; };
		B06A875A28E5E2B500201623 /* InterActUITests.swift */ = {isa = PBXFileReference; lastKnownFileType = sourcecode.swift; path = InterActUITests.swift; sourceTree = "<group>"; };
		B06A875C28E5E2B500201623 /* InterActUITestsLaunchTests.swift */ = {isa = PBXFileReference; lastKnownFileType = sourcecode.swift; path = InterActUITestsLaunchTests.swift; sourceTree = "<group>"; };
		B06A876928E5E35900201623 /* AppCoordinator.swift */ = {isa = PBXFileReference; lastKnownFileType = sourcecode.swift; path = AppCoordinator.swift; sourceTree = "<group>"; };
		B06A876C28E5E47A00201623 /* AddPersonViewModel.swift */ = {isa = PBXFileReference; lastKnownFileType = sourcecode.swift; path = AddPersonViewModel.swift; sourceTree = "<group>"; };
		B06A876E28E5E49300201623 /* AddPersonViewController.swift */ = {isa = PBXFileReference; lastKnownFileType = sourcecode.swift; path = AddPersonViewController.swift; sourceTree = "<group>"; };
		B06A877028E5E49E00201623 /* AddPerson.storyboard */ = {isa = PBXFileReference; lastKnownFileType = file.storyboard; path = AddPerson.storyboard; sourceTree = "<group>"; };
		B06A877928E5E64D00201623 /* PersonListViewModel.swift */ = {isa = PBXFileReference; lastKnownFileType = sourcecode.swift; path = PersonListViewModel.swift; sourceTree = "<group>"; };
		B06A877D28E5E66B00201623 /* PersonList.storyboard */ = {isa = PBXFileReference; lastKnownFileType = file.storyboard; path = PersonList.storyboard; sourceTree = "<group>"; };
		B06A877F28E5E6D100201623 /* PersonListViewController.swift */ = {isa = PBXFileReference; lastKnownFileType = sourcecode.swift; path = PersonListViewController.swift; sourceTree = "<group>"; };
		B06A878328E5EB4500201623 /* RecordInteractionViewController.swift */ = {isa = PBXFileReference; lastKnownFileType = sourcecode.swift; path = RecordInteractionViewController.swift; sourceTree = "<group>"; };
		B06A878528E5EB5500201623 /* RecordInteraction.storyboard */ = {isa = PBXFileReference; lastKnownFileType = file.storyboard; path = RecordInteraction.storyboard; sourceTree = "<group>"; };
		B06A878728E5EB6700201623 /* RecordInteractionViewModel.swift */ = {isa = PBXFileReference; lastKnownFileType = sourcecode.swift; path = RecordInteractionViewModel.swift; sourceTree = "<group>"; };
		B06A878928E5F53E00201623 /* PersonTableViewCell.swift */ = {isa = PBXFileReference; lastKnownFileType = sourcecode.swift; path = PersonTableViewCell.swift; sourceTree = "<group>"; };
		B0B2EDCD28EB396B000E7795 /* Assets.xcassets */ = {isa = PBXFileReference; lastKnownFileType = folder.assetcatalog; path = Assets.xcassets; sourceTree = SOURCE_ROOT; };
		B0B2EDCF28EB4638000E7795 /* SettingsCoordinator.swift */ = {isa = PBXFileReference; lastKnownFileType = sourcecode.swift; path = SettingsCoordinator.swift; sourceTree = "<group>"; };
		B0B2EDD128EB46C8000E7795 /* RootCoordinator.swift */ = {isa = PBXFileReference; lastKnownFileType = sourcecode.swift; path = RootCoordinator.swift; sourceTree = "<group>"; };
		B0B2EDD328EB4E24000E7795 /* SettingsTableViewCell.swift */ = {isa = PBXFileReference; lastKnownFileType = sourcecode.swift; path = SettingsTableViewCell.swift; sourceTree = "<group>"; };
		B0B2EDD628EB4F72000E7795 /* FrequencySettingViewController.swift */ = {isa = PBXFileReference; lastKnownFileType = sourcecode.swift; path = FrequencySettingViewController.swift; sourceTree = "<group>"; };
		B0B2EDD828EB4F82000E7795 /* FrequencySettingViewModel.swift */ = {isa = PBXFileReference; lastKnownFileType = sourcecode.swift; path = FrequencySettingViewModel.swift; sourceTree = "<group>"; };
		B0B2EDDA28EB4F8F000E7795 /* FrequencySetting.storyboard */ = {isa = PBXFileReference; lastKnownFileType = file.storyboard; path = FrequencySetting.storyboard; sourceTree = "<group>"; };
		B0B2EDDC28EB5182000E7795 /* FrequencyTableViewCell.swift */ = {isa = PBXFileReference; lastKnownFileType = sourcecode.swift; path = FrequencyTableViewCell.swift; sourceTree = "<group>"; };
		B0D9D3B928E725F1006EA0DE /* ProfilePicture.swift */ = {isa = PBXFileReference; lastKnownFileType = sourcecode.swift; path = ProfilePicture.swift; sourceTree = "<group>"; };
		B0D9D3BC28E780B4006EA0DE /* SettingsViewModel.swift */ = {isa = PBXFileReference; lastKnownFileType = sourcecode.swift; path = SettingsViewModel.swift; sourceTree = "<group>"; };
		B0D9D3BE28E780C8006EA0DE /* SettingsViewController.swift */ = {isa = PBXFileReference; lastKnownFileType = sourcecode.swift; path = SettingsViewController.swift; sourceTree = "<group>"; };
		B0D9D3C028E780D3006EA0DE /* Settings.storyboard */ = {isa = PBXFileReference; lastKnownFileType = file.storyboard; path = Settings.storyboard; sourceTree = "<group>"; };
		B0D9D3C328EA005D006EA0DE /* Interactions.storyboard */ = {isa = PBXFileReference; lastKnownFileType = file.storyboard; path = Interactions.storyboard; sourceTree = "<group>"; };
		B0D9D3C528EA0069006EA0DE /* InteractionsViewModel.swift */ = {isa = PBXFileReference; lastKnownFileType = sourcecode.swift; path = InteractionsViewModel.swift; sourceTree = "<group>"; };
		B0D9D3C728EA0079006EA0DE /* InteractionsViewController.swift */ = {isa = PBXFileReference; lastKnownFileType = sourcecode.swift; path = InteractionsViewController.swift; sourceTree = "<group>"; };
		B0D9D3C928EA012C006EA0DE /* InteractionTableViewCell.swift */ = {isa = PBXFileReference; lastKnownFileType = sourcecode.swift; path = InteractionTableViewCell.swift; sourceTree = "<group>"; };
/* End PBXFileReference section */

/* Begin PBXFrameworksBuildPhase section */
		B06A873028E5E2B400201623 /* Frameworks */ = {
			isa = PBXFrameworksBuildPhase;
			buildActionMask = 2147483647;
			files = (
			);
			runOnlyForDeploymentPostprocessing = 0;
		};
		B06A874928E5E2B500201623 /* Frameworks */ = {
			isa = PBXFrameworksBuildPhase;
			buildActionMask = 2147483647;
			files = (
			);
			runOnlyForDeploymentPostprocessing = 0;
		};
		B06A875328E5E2B500201623 /* Frameworks */ = {
			isa = PBXFrameworksBuildPhase;
			buildActionMask = 2147483647;
			files = (
			);
			runOnlyForDeploymentPostprocessing = 0;
		};
/* End PBXFrameworksBuildPhase section */

/* Begin PBXGroup section */
		B0125D5B28EF0FCA0050A574 /* Notes */ = {
			isa = PBXGroup;
			children = (
				B0125D5C28EF0FE50050A574 /* NotesViewController.swift */,
				B0125D5E28EF0FF60050A574 /* Notes.storyboard */,
				B0125D6228EF10880050A574 /* NotesViewModel.swift */,
			);
			path = Notes;
			sourceTree = "<group>";
		};
		B0125D9328F5C31A0050A574 /* Interaction */ = {
			isa = PBXGroup;
			children = (
				B0125D9628F5C33D0050A574 /* InteractionViewController.swift */,
				B0125D9828F5C3490050A574 /* Interaction.storyboard */,
				B0125D9428F5C3300050A574 /* InteractionViewModel.swift */,
			);
			path = Interaction;
			sourceTree = "<group>";
		};
		B06A872A28E5E2B400201623 = {
			isa = PBXGroup;
			children = (
				B06A873528E5E2B400201623 /* InterAct */,
				B06A874F28E5E2B500201623 /* InterActTests */,
				B06A875928E5E2B500201623 /* InterActUITests */,
				B06A873428E5E2B400201623 /* Products */,
			);
			sourceTree = "<group>";
		};
		B06A873428E5E2B400201623 /* Products */ = {
			isa = PBXGroup;
			children = (
				B06A873328E5E2B400201623 /* InterAct.app */,
				B06A874C28E5E2B500201623 /* InterActTests.xctest */,
				B06A875628E5E2B500201623 /* InterActUITests.xctest */,
			);
			name = Products;
			sourceTree = "<group>";
		};
		B06A873528E5E2B400201623 /* InterAct */ = {
			isa = PBXGroup;
			children = (
				B0D9D3B828E725D3006EA0DE /* Utilities */,
				B06A878128E5E73F00201623 /* Navigation */,
				B06A877728E5E62600201623 /* UI */,
				B06A877228E5E4AC00201623 /* Model */,
				B06A873628E5E2B400201623 /* AppDelegate.swift */,
				B06A873828E5E2B400201623 /* SceneDelegate.swift */,
				B06A874428E5E2B500201623 /* LaunchScreen.storyboard */,
				B06A874728E5E2B500201623 /* Info.plist */,
				B06A873F28E5E2B400201623 /* InterAct.xcdatamodeld */,
				B0B2EDCD28EB396B000E7795 /* Assets.xcassets */,
			);
			path = InterAct;
			sourceTree = "<group>";
		};
		B06A874F28E5E2B500201623 /* InterActTests */ = {
			isa = PBXGroup;
			children = (
				B06A875028E5E2B500201623 /* InterActTests.swift */,
			);
			path = InterActTests;
			sourceTree = "<group>";
		};
		B06A875928E5E2B500201623 /* InterActUITests */ = {
			isa = PBXGroup;
			children = (
				B06A875A28E5E2B500201623 /* InterActUITests.swift */,
				B06A875C28E5E2B500201623 /* InterActUITestsLaunchTests.swift */,
			);
			path = InterActUITests;
			sourceTree = "<group>";
		};
		B06A876B28E5E39500201623 /* AddPerson */ = {
			isa = PBXGroup;
			children = (
				B06A876E28E5E49300201623 /* AddPersonViewController.swift */,
				B06A877028E5E49E00201623 /* AddPerson.storyboard */,
				B06A876C28E5E47A00201623 /* AddPersonViewModel.swift */,
			);
			path = AddPerson;
			sourceTree = "<group>";
		};
		B06A877228E5E4AC00201623 /* Model */ = {
			isa = PBXGroup;
			children = (
				B0125D6428EF1F7D0050A574 /* Interaction+CoreDataClass.swift */,
				B0125D6528EF1F7D0050A574 /* Interaction+CoreDataProperties.swift */,
				B0125D6628EF1F7D0050A574 /* Person+CoreDataClass.swift */,
				B0125D6728EF1F7D0050A574 /* Person+CoreDataProperties.swift */,
			);
			path = Model;
			sourceTree = "<group>";
		};
		B06A877728E5E62600201623 /* UI */ = {
			isa = PBXGroup;
			children = (
				B0125D9328F5C31A0050A574 /* Interaction */,
				B0125D5B28EF0FCA0050A574 /* Notes */,
				B0D9D3BB28E77C80006EA0DE /* Settings */,
				B0D9D3C228EA0047006EA0DE /* Interactions */,
				B06A878228E5EB2C00201623 /* RecordInteraction */,
				B06A877828E5E63100201623 /* PersonList */,
				B06A876B28E5E39500201623 /* AddPerson */,
			);
			path = UI;
			sourceTree = "<group>";
		};
		B06A877828E5E63100201623 /* PersonList */ = {
			isa = PBXGroup;
			children = (
				B06A878928E5F53E00201623 /* PersonTableViewCell.swift */,
				B06A877F28E5E6D100201623 /* PersonListViewController.swift */,
				B06A877D28E5E66B00201623 /* PersonList.storyboard */,
				B06A877928E5E64D00201623 /* PersonListViewModel.swift */,
			);
			path = PersonList;
			sourceTree = "<group>";
		};
		B06A878128E5E73F00201623 /* Navigation */ = {
			isa = PBXGroup;
			children = (
				B06A876928E5E35900201623 /* AppCoordinator.swift */,
				B0B2EDCF28EB4638000E7795 /* SettingsCoordinator.swift */,
				B0B2EDD128EB46C8000E7795 /* RootCoordinator.swift */,
			);
			path = Navigation;
			sourceTree = "<group>";
		};
		B06A878228E5EB2C00201623 /* RecordInteraction */ = {
			isa = PBXGroup;
			children = (
				B06A878328E5EB4500201623 /* RecordInteractionViewController.swift */,
				B06A878528E5EB5500201623 /* RecordInteraction.storyboard */,
				B06A878728E5EB6700201623 /* RecordInteractionViewModel.swift */,
			);
			path = RecordInteraction;
			sourceTree = "<group>";
		};
		B0B2EDD528EB4F39000E7795 /* FrequencySetting */ = {
			isa = PBXGroup;
			children = (
				B0B2EDDC28EB5182000E7795 /* FrequencyTableViewCell.swift */,
				B0B2EDD628EB4F72000E7795 /* FrequencySettingViewController.swift */,
				B0B2EDDA28EB4F8F000E7795 /* FrequencySetting.storyboard */,
				B0B2EDD828EB4F82000E7795 /* FrequencySettingViewModel.swift */,
			);
			path = FrequencySetting;
			sourceTree = "<group>";
		};
		B0D9D3B828E725D3006EA0DE /* Utilities */ = {
			isa = PBXGroup;
			children = (
				B0D9D3B928E725F1006EA0DE /* ProfilePicture.swift */,
				B0125D6028EF10110050A574 /* PopOverViewController.swift */,
				B0125D6C28EF2ED30050A574 /* Noteable.swift */,
			);
			path = Utilities;
			sourceTree = "<group>";
		};
		B0D9D3BB28E77C80006EA0DE /* Settings */ = {
			isa = PBXGroup;
			children = (
				B0B2EDD528EB4F39000E7795 /* FrequencySetting */,
				B0B2EDD328EB4E24000E7795 /* SettingsTableViewCell.swift */,
				B0D9D3BE28E780C8006EA0DE /* SettingsViewController.swift */,
				B0D9D3C028E780D3006EA0DE /* Settings.storyboard */,
				B0D9D3BC28E780B4006EA0DE /* SettingsViewModel.swift */,
			);
			path = Settings;
			sourceTree = "<group>";
		};
		B0D9D3C228EA0047006EA0DE /* Interactions */ = {
			isa = PBXGroup;
			children = (
				B0D9D3C928EA012C006EA0DE /* InteractionTableViewCell.swift */,
				B0D9D3C728EA0079006EA0DE /* InteractionsViewController.swift */,
				B0D9D3C328EA005D006EA0DE /* Interactions.storyboard */,
				B0D9D3C528EA0069006EA0DE /* InteractionsViewModel.swift */,
			);
			path = Interactions;
			sourceTree = "<group>";
		};
/* End PBXGroup section */

/* Begin PBXNativeTarget section */
		B06A873228E5E2B400201623 /* InterAct */ = {
			isa = PBXNativeTarget;
			buildConfigurationList = B06A876028E5E2B500201623 /* Build configuration list for PBXNativeTarget "InterAct" */;
			buildPhases = (
				B06A872F28E5E2B400201623 /* Sources */,
				B06A873028E5E2B400201623 /* Frameworks */,
				B06A873128E5E2B400201623 /* Resources */,
			);
			buildRules = (
			);
			dependencies = (
			);
			name = InterAct;
			productName = InterAct;
			productReference = B06A873328E5E2B400201623 /* InterAct.app */;
			productType = "com.apple.product-type.application";
		};
		B06A874B28E5E2B500201623 /* InterActTests */ = {
			isa = PBXNativeTarget;
			buildConfigurationList = B06A876328E5E2B500201623 /* Build configuration list for PBXNativeTarget "InterActTests" */;
			buildPhases = (
				B06A874828E5E2B500201623 /* Sources */,
				B06A874928E5E2B500201623 /* Frameworks */,
				B06A874A28E5E2B500201623 /* Resources */,
			);
			buildRules = (
			);
			dependencies = (
				B06A874E28E5E2B500201623 /* PBXTargetDependency */,
			);
			name = InterActTests;
			productName = InterActTests;
			productReference = B06A874C28E5E2B500201623 /* InterActTests.xctest */;
			productType = "com.apple.product-type.bundle.unit-test";
		};
		B06A875528E5E2B500201623 /* InterActUITests */ = {
			isa = PBXNativeTarget;
			buildConfigurationList = B06A876628E5E2B500201623 /* Build configuration list for PBXNativeTarget "InterActUITests" */;
			buildPhases = (
				B06A875228E5E2B500201623 /* Sources */,
				B06A875328E5E2B500201623 /* Frameworks */,
				B06A875428E5E2B500201623 /* Resources */,
			);
			buildRules = (
			);
			dependencies = (
				B06A875828E5E2B500201623 /* PBXTargetDependency */,
			);
			name = InterActUITests;
			productName = InterActUITests;
			productReference = B06A875628E5E2B500201623 /* InterActUITests.xctest */;
			productType = "com.apple.product-type.bundle.ui-testing";
		};
/* End PBXNativeTarget section */

/* Begin PBXProject section */
		B06A872B28E5E2B400201623 /* Project object */ = {
			isa = PBXProject;
			attributes = {
				BuildIndependentTargetsInParallel = 1;
				LastSwiftUpdateCheck = 1340;
				LastUpgradeCheck = 1340;
				TargetAttributes = {
					B06A873228E5E2B400201623 = {
						CreatedOnToolsVersion = 13.4.1;
					};
					B06A874B28E5E2B500201623 = {
						CreatedOnToolsVersion = 13.4.1;
						TestTargetID = B06A873228E5E2B400201623;
					};
					B06A875528E5E2B500201623 = {
						CreatedOnToolsVersion = 13.4.1;
						TestTargetID = B06A873228E5E2B400201623;
					};
				};
			};
			buildConfigurationList = B06A872E28E5E2B400201623 /* Build configuration list for PBXProject "InterAct" */;
			compatibilityVersion = "Xcode 13.0";
			developmentRegion = en;
			hasScannedForEncodings = 0;
			knownRegions = (
				en,
				Base,
			);
			mainGroup = B06A872A28E5E2B400201623;
			productRefGroup = B06A873428E5E2B400201623 /* Products */;
			projectDirPath = "";
			projectRoot = "";
			targets = (
				B06A873228E5E2B400201623 /* InterAct */,
				B06A874B28E5E2B500201623 /* InterActTests */,
				B06A875528E5E2B500201623 /* InterActUITests */,
			);
		};
/* End PBXProject section */

/* Begin PBXResourcesBuildPhase section */
		B06A873128E5E2B400201623 /* Resources */ = {
			isa = PBXResourcesBuildPhase;
			buildActionMask = 2147483647;
			files = (
				B0D9D3C428EA005D006EA0DE /* Interactions.storyboard in Resources */,
				B06A878628E5EB5500201623 /* RecordInteraction.storyboard in Resources */,
				B0B2EDDB28EB4F8F000E7795 /* FrequencySetting.storyboard in Resources */,
				B0125D9928F5C3490050A574 /* Interaction.storyboard in Resources */,
				B0125D5F28EF0FF60050A574 /* Notes.storyboard in Resources */,
				B06A874628E5E2B500201623 /* LaunchScreen.storyboard in Resources */,
				B0D9D3C128E780D3006EA0DE /* Settings.storyboard in Resources */,
				B0B2EDCE28EB396B000E7795 /* Assets.xcassets in Resources */,
				B06A877128E5E49E00201623 /* AddPerson.storyboard in Resources */,
				B06A877E28E5E66B00201623 /* PersonList.storyboard in Resources */,
			);
			runOnlyForDeploymentPostprocessing = 0;
		};
		B06A874A28E5E2B500201623 /* Resources */ = {
			isa = PBXResourcesBuildPhase;
			buildActionMask = 2147483647;
			files = (
			);
			runOnlyForDeploymentPostprocessing = 0;
		};
		B06A875428E5E2B500201623 /* Resources */ = {
			isa = PBXResourcesBuildPhase;
			buildActionMask = 2147483647;
			files = (
			);
			runOnlyForDeploymentPostprocessing = 0;
		};
/* End PBXResourcesBuildPhase section */

/* Begin PBXSourcesBuildPhase section */
		B06A872F28E5E2B400201623 /* Sources */ = {
			isa = PBXSourcesBuildPhase;
			buildActionMask = 2147483647;
			files = (
				B06A873728E5E2B400201623 /* AppDelegate.swift in Sources */,
				B0125D9528F5C3300050A574 /* InteractionViewModel.swift in Sources */,
				B06A878A28E5F53E00201623 /* PersonTableViewCell.swift in Sources */,
				B0B2EDD428EB4E24000E7795 /* SettingsTableViewCell.swift in Sources */,
				B0D9D3CA28EA012C006EA0DE /* InteractionTableViewCell.swift in Sources */,
				B0125D6828EF1F7D0050A574 /* Interaction+CoreDataClass.swift in Sources */,
				B0B2EDD228EB46C8000E7795 /* RootCoordinator.swift in Sources */,
				B06A876A28E5E35900201623 /* AppCoordinator.swift in Sources */,
				B06A877A28E5E64D00201623 /* PersonListViewModel.swift in Sources */,
				B0B2EDD928EB4F82000E7795 /* FrequencySettingViewModel.swift in Sources */,
				B06A876D28E5E47A00201623 /* AddPersonViewModel.swift in Sources */,
				B0D9D3C628EA0069006EA0DE /* InteractionsViewModel.swift in Sources */,
				B06A878828E5EB6700201623 /* RecordInteractionViewModel.swift in Sources */,
				B0D9D3BD28E780B4006EA0DE /* SettingsViewModel.swift in Sources */,
				B06A873928E5E2B400201623 /* SceneDelegate.swift in Sources */,
				B0B2EDDD28EB5182000E7795 /* FrequencyTableViewCell.swift in Sources */,
				B06A878428E5EB4500201623 /* RecordInteractionViewController.swift in Sources */,
				B0125D6128EF10110050A574 /* PopOverViewController.swift in Sources */,
				B06A878028E5E6D100201623 /* PersonListViewController.swift in Sources */,
				B0125D6928EF1F7D0050A574 /* Interaction+CoreDataProperties.swift in Sources */,
				B0D9D3BA28E725F1006EA0DE /* ProfilePicture.swift in Sources */,
				B06A874128E5E2B400201623 /* InterAct.xcdatamodeld in Sources */,
				B0B2EDD728EB4F72000E7795 /* FrequencySettingViewController.swift in Sources */,
				B0125D9728F5C33D0050A574 /* InteractionViewController.swift in Sources */,
				B06A876F28E5E49300201623 /* AddPersonViewController.swift in Sources */,
				B0125D6D28EF2ED30050A574 /* Noteable.swift in Sources */,
				B0125D5D28EF0FE50050A574 /* NotesViewController.swift in Sources */,
				B0125D6A28EF1F7D0050A574 /* Person+CoreDataClass.swift in Sources */,
				B0125D6328EF10880050A574 /* NotesViewModel.swift in Sources */,
				B0125D6B28EF1F7D0050A574 /* Person+CoreDataProperties.swift in Sources */,
				B0B2EDD028EB4638000E7795 /* SettingsCoordinator.swift in Sources */,
				B0D9D3C828EA0079006EA0DE /* InteractionsViewController.swift in Sources */,
				B0D9D3BF28E780C8006EA0DE /* SettingsViewController.swift in Sources */,
			);
			runOnlyForDeploymentPostprocessing = 0;
		};
		B06A874828E5E2B500201623 /* Sources */ = {
			isa = PBXSourcesBuildPhase;
			buildActionMask = 2147483647;
			files = (
				B06A875128E5E2B500201623 /* InterActTests.swift in Sources */,
			);
			runOnlyForDeploymentPostprocessing = 0;
		};
		B06A875228E5E2B500201623 /* Sources */ = {
			isa = PBXSourcesBuildPhase;
			buildActionMask = 2147483647;
			files = (
				B06A875D28E5E2B500201623 /* InterActUITestsLaunchTests.swift in Sources */,
				B06A875B28E5E2B500201623 /* InterActUITests.swift in Sources */,
			);
			runOnlyForDeploymentPostprocessing = 0;
		};
/* End PBXSourcesBuildPhase section */

/* Begin PBXTargetDependency section */
		B06A874E28E5E2B500201623 /* PBXTargetDependency */ = {
			isa = PBXTargetDependency;
			target = B06A873228E5E2B400201623 /* InterAct */;
			targetProxy = B06A874D28E5E2B500201623 /* PBXContainerItemProxy */;
		};
		B06A875828E5E2B500201623 /* PBXTargetDependency */ = {
			isa = PBXTargetDependency;
			target = B06A873228E5E2B400201623 /* InterAct */;
			targetProxy = B06A875728E5E2B500201623 /* PBXContainerItemProxy */;
		};
/* End PBXTargetDependency section */

/* Begin PBXVariantGroup section */
		B06A874428E5E2B500201623 /* LaunchScreen.storyboard */ = {
			isa = PBXVariantGroup;
			children = (
				B06A874528E5E2B500201623 /* Base */,
			);
			name = LaunchScreen.storyboard;
			sourceTree = "<group>";
		};
/* End PBXVariantGroup section */

/* Begin XCBuildConfiguration section */
		B06A875E28E5E2B500201623 /* Debug */ = {
			isa = XCBuildConfiguration;
			buildSettings = {
				ALWAYS_SEARCH_USER_PATHS = NO;
				CLANG_ANALYZER_NONNULL = YES;
				CLANG_ANALYZER_NUMBER_OBJECT_CONVERSION = YES_AGGRESSIVE;
				CLANG_CXX_LANGUAGE_STANDARD = "gnu++17";
				CLANG_ENABLE_MODULES = YES;
				CLANG_ENABLE_OBJC_ARC = YES;
				CLANG_ENABLE_OBJC_WEAK = YES;
				CLANG_WARN_BLOCK_CAPTURE_AUTORELEASING = YES;
				CLANG_WARN_BOOL_CONVERSION = YES;
				CLANG_WARN_COMMA = YES;
				CLANG_WARN_CONSTANT_CONVERSION = YES;
				CLANG_WARN_DEPRECATED_OBJC_IMPLEMENTATIONS = YES;
				CLANG_WARN_DIRECT_OBJC_ISA_USAGE = YES_ERROR;
				CLANG_WARN_DOCUMENTATION_COMMENTS = YES;
				CLANG_WARN_EMPTY_BODY = YES;
				CLANG_WARN_ENUM_CONVERSION = YES;
				CLANG_WARN_INFINITE_RECURSION = YES;
				CLANG_WARN_INT_CONVERSION = YES;
				CLANG_WARN_NON_LITERAL_NULL_CONVERSION = YES;
				CLANG_WARN_OBJC_IMPLICIT_RETAIN_SELF = YES;
				CLANG_WARN_OBJC_LITERAL_CONVERSION = YES;
				CLANG_WARN_OBJC_ROOT_CLASS = YES_ERROR;
				CLANG_WARN_QUOTED_INCLUDE_IN_FRAMEWORK_HEADER = YES;
				CLANG_WARN_RANGE_LOOP_ANALYSIS = YES;
				CLANG_WARN_STRICT_PROTOTYPES = YES;
				CLANG_WARN_SUSPICIOUS_MOVE = YES;
				CLANG_WARN_UNGUARDED_AVAILABILITY = YES_AGGRESSIVE;
				CLANG_WARN_UNREACHABLE_CODE = YES;
				CLANG_WARN__DUPLICATE_METHOD_MATCH = YES;
				COPY_PHASE_STRIP = NO;
				DEBUG_INFORMATION_FORMAT = dwarf;
				ENABLE_STRICT_OBJC_MSGSEND = YES;
				ENABLE_TESTABILITY = YES;
				GCC_C_LANGUAGE_STANDARD = gnu11;
				GCC_DYNAMIC_NO_PIC = NO;
				GCC_NO_COMMON_BLOCKS = YES;
				GCC_OPTIMIZATION_LEVEL = 0;
				GCC_PREPROCESSOR_DEFINITIONS = (
					"DEBUG=1",
					"$(inherited)",
				);
				GCC_WARN_64_TO_32_BIT_CONVERSION = YES;
				GCC_WARN_ABOUT_RETURN_TYPE = YES_ERROR;
				GCC_WARN_UNDECLARED_SELECTOR = YES;
				GCC_WARN_UNINITIALIZED_AUTOS = YES_AGGRESSIVE;
				GCC_WARN_UNUSED_FUNCTION = YES;
				GCC_WARN_UNUSED_VARIABLE = YES;
				IPHONEOS_DEPLOYMENT_TARGET = 15.5;
				MTL_ENABLE_DEBUG_INFO = INCLUDE_SOURCE;
				MTL_FAST_MATH = YES;
				ONLY_ACTIVE_ARCH = YES;
				SDKROOT = iphoneos;
				SWIFT_ACTIVE_COMPILATION_CONDITIONS = DEBUG;
				SWIFT_OPTIMIZATION_LEVEL = "-Onone";
			};
			name = Debug;
		};
		B06A875F28E5E2B500201623 /* Release */ = {
			isa = XCBuildConfiguration;
			buildSettings = {
				ALWAYS_SEARCH_USER_PATHS = NO;
				CLANG_ANALYZER_NONNULL = YES;
				CLANG_ANALYZER_NUMBER_OBJECT_CONVERSION = YES_AGGRESSIVE;
				CLANG_CXX_LANGUAGE_STANDARD = "gnu++17";
				CLANG_ENABLE_MODULES = YES;
				CLANG_ENABLE_OBJC_ARC = YES;
				CLANG_ENABLE_OBJC_WEAK = YES;
				CLANG_WARN_BLOCK_CAPTURE_AUTORELEASING = YES;
				CLANG_WARN_BOOL_CONVERSION = YES;
				CLANG_WARN_COMMA = YES;
				CLANG_WARN_CONSTANT_CONVERSION = YES;
				CLANG_WARN_DEPRECATED_OBJC_IMPLEMENTATIONS = YES;
				CLANG_WARN_DIRECT_OBJC_ISA_USAGE = YES_ERROR;
				CLANG_WARN_DOCUMENTATION_COMMENTS = YES;
				CLANG_WARN_EMPTY_BODY = YES;
				CLANG_WARN_ENUM_CONVERSION = YES;
				CLANG_WARN_INFINITE_RECURSION = YES;
				CLANG_WARN_INT_CONVERSION = YES;
				CLANG_WARN_NON_LITERAL_NULL_CONVERSION = YES;
				CLANG_WARN_OBJC_IMPLICIT_RETAIN_SELF = YES;
				CLANG_WARN_OBJC_LITERAL_CONVERSION = YES;
				CLANG_WARN_OBJC_ROOT_CLASS = YES_ERROR;
				CLANG_WARN_QUOTED_INCLUDE_IN_FRAMEWORK_HEADER = YES;
				CLANG_WARN_RANGE_LOOP_ANALYSIS = YES;
				CLANG_WARN_STRICT_PROTOTYPES = YES;
				CLANG_WARN_SUSPICIOUS_MOVE = YES;
				CLANG_WARN_UNGUARDED_AVAILABILITY = YES_AGGRESSIVE;
				CLANG_WARN_UNREACHABLE_CODE = YES;
				CLANG_WARN__DUPLICATE_METHOD_MATCH = YES;
				COPY_PHASE_STRIP = NO;
				DEBUG_INFORMATION_FORMAT = "dwarf-with-dsym";
				ENABLE_NS_ASSERTIONS = NO;
				ENABLE_STRICT_OBJC_MSGSEND = YES;
				GCC_C_LANGUAGE_STANDARD = gnu11;
				GCC_NO_COMMON_BLOCKS = YES;
				GCC_WARN_64_TO_32_BIT_CONVERSION = YES;
				GCC_WARN_ABOUT_RETURN_TYPE = YES_ERROR;
				GCC_WARN_UNDECLARED_SELECTOR = YES;
				GCC_WARN_UNINITIALIZED_AUTOS = YES_AGGRESSIVE;
				GCC_WARN_UNUSED_FUNCTION = YES;
				GCC_WARN_UNUSED_VARIABLE = YES;
				IPHONEOS_DEPLOYMENT_TARGET = 15.5;
				MTL_ENABLE_DEBUG_INFO = NO;
				MTL_FAST_MATH = YES;
				SDKROOT = iphoneos;
				SWIFT_COMPILATION_MODE = wholemodule;
				SWIFT_OPTIMIZATION_LEVEL = "-O";
				VALIDATE_PRODUCT = YES;
			};
			name = Release;
		};
		B06A876128E5E2B500201623 /* Debug */ = {
			isa = XCBuildConfiguration;
			buildSettings = {
				ASSETCATALOG_COMPILER_APPICON_NAME = AppIcon;
				ASSETCATALOG_COMPILER_GLOBAL_ACCENT_COLOR_NAME = AccentColor;
				CODE_SIGN_STYLE = Automatic;
				CURRENT_PROJECT_VERSION = 1;
				DEVELOPMENT_TEAM = U4BQ7C249F;
				GENERATE_INFOPLIST_FILE = YES;
				INFOPLIST_FILE = InterAct/Info.plist;
				INFOPLIST_KEY_CFBundleDisplayName = "Simple InterAct";
				INFOPLIST_KEY_NSCameraUsageDescription = "Access Camera to Add Pictures of People";
				INFOPLIST_KEY_NSPhotoLibraryUsageDescription = "Access Photo Library to Use Pictures of People";
				INFOPLIST_KEY_UIApplicationSupportsIndirectInputEvents = YES;
				INFOPLIST_KEY_UILaunchStoryboardName = LaunchScreen;
				INFOPLIST_KEY_UISupportedInterfaceOrientations = UIInterfaceOrientationPortrait;
				INFOPLIST_KEY_UISupportedInterfaceOrientations_iPad = "UIInterfaceOrientationPortrait UIInterfaceOrientationPortraitUpsideDown UIInterfaceOrientationLandscapeLeft UIInterfaceOrientationLandscapeRight";
				INFOPLIST_KEY_UISupportedInterfaceOrientations_iPhone = "UIInterfaceOrientationPortrait UIInterfaceOrientationLandscapeLeft UIInterfaceOrientationLandscapeRight";
				IPHONEOS_DEPLOYMENT_TARGET = 13.0;
				LD_RUNPATH_SEARCH_PATHS = (
					"$(inherited)",
					"@executable_path/Frameworks",
				);
				MARKETING_VERSION = 1.0;
				PRODUCT_BUNDLE_IDENTIFIER = com.simple.InterAct;
				PRODUCT_NAME = "$(TARGET_NAME)";
				SWIFT_EMIT_LOC_STRINGS = YES;
				SWIFT_VERSION = 5.0;
				TARGETED_DEVICE_FAMILY = 1;
			};
			name = Debug;
		};
		B06A876228E5E2B500201623 /* Release */ = {
			isa = XCBuildConfiguration;
			buildSettings = {
				ASSETCATALOG_COMPILER_APPICON_NAME = AppIcon;
				ASSETCATALOG_COMPILER_GLOBAL_ACCENT_COLOR_NAME = AccentColor;
				CODE_SIGN_STYLE = Automatic;
				CURRENT_PROJECT_VERSION = 1;
				DEVELOPMENT_TEAM = U4BQ7C249F;
				GENERATE_INFOPLIST_FILE = YES;
				INFOPLIST_FILE = InterAct/Info.plist;
				INFOPLIST_KEY_CFBundleDisplayName = "Simple InterAct";
				INFOPLIST_KEY_NSCameraUsageDescription = "Access Camera to Add Pictures of People";
				INFOPLIST_KEY_NSPhotoLibraryUsageDescription = "Access Photo Library to Use Pictures of People";
				INFOPLIST_KEY_UIApplicationSupportsIndirectInputEvents = YES;
				INFOPLIST_KEY_UILaunchStoryboardName = LaunchScreen;
				INFOPLIST_KEY_UISupportedInterfaceOrientations = UIInterfaceOrientationPortrait;
				INFOPLIST_KEY_UISupportedInterfaceOrientations_iPad = "UIInterfaceOrientationPortrait UIInterfaceOrientationPortraitUpsideDown UIInterfaceOrientationLandscapeLeft UIInterfaceOrientationLandscapeRight";
				INFOPLIST_KEY_UISupportedInterfaceOrientations_iPhone = "UIInterfaceOrientationPortrait UIInterfaceOrientationLandscapeLeft UIInterfaceOrientationLandscapeRight";
				IPHONEOS_DEPLOYMENT_TARGET = 13.0;
				LD_RUNPATH_SEARCH_PATHS = (
					"$(inherited)",
					"@executable_path/Frameworks",
				);
				MARKETING_VERSION = 1.0;
				PRODUCT_BUNDLE_IDENTIFIER = com.simple.InterAct;
				PRODUCT_NAME = "$(TARGET_NAME)";
				SWIFT_EMIT_LOC_STRINGS = YES;
				SWIFT_VERSION = 5.0;
				TARGETED_DEVICE_FAMILY = 1;
			};
			name = Release;
		};
		B06A876428E5E2B500201623 /* Debug */ = {
			isa = XCBuildConfiguration;
			buildSettings = {
				ALWAYS_EMBED_SWIFT_STANDARD_LIBRARIES = YES;
				BUNDLE_LOADER = "$(TEST_HOST)";
				CODE_SIGN_STYLE = Automatic;
				CURRENT_PROJECT_VERSION = 1;
				DEVELOPMENT_TEAM = QWSTH3UGG6;
				GENERATE_INFOPLIST_FILE = YES;
				IPHONEOS_DEPLOYMENT_TARGET = 15.5;
				MARKETING_VERSION = 1.0;
				PRODUCT_BUNDLE_IDENTIFIER = com.rmh211.InterActTests;
				PRODUCT_NAME = "$(TARGET_NAME)";
				SWIFT_EMIT_LOC_STRINGS = NO;
				SWIFT_VERSION = 5.0;
				TARGETED_DEVICE_FAMILY = "1,2";
				TEST_HOST = "$(BUILT_PRODUCTS_DIR)/InterAct.app/InterAct";
			};
			name = Debug;
		};
		B06A876528E5E2B500201623 /* Release */ = {
			isa = XCBuildConfiguration;
			buildSettings = {
				ALWAYS_EMBED_SWIFT_STANDARD_LIBRARIES = YES;
				BUNDLE_LOADER = "$(TEST_HOST)";
				CODE_SIGN_STYLE = Automatic;
				CURRENT_PROJECT_VERSION = 1;
				DEVELOPMENT_TEAM = QWSTH3UGG6;
				GENERATE_INFOPLIST_FILE = YES;
				IPHONEOS_DEPLOYMENT_TARGET = 15.5;
				MARKETING_VERSION = 1.0;
				PRODUCT_BUNDLE_IDENTIFIER = com.rmh211.InterActTests;
				PRODUCT_NAME = "$(TARGET_NAME)";
				SWIFT_EMIT_LOC_STRINGS = NO;
				SWIFT_VERSION = 5.0;
				TARGETED_DEVICE_FAMILY = "1,2";
				TEST_HOST = "$(BUILT_PRODUCTS_DIR)/InterAct.app/InterAct";
			};
			name = Release;
		};
		B06A876728E5E2B500201623 /* Debug */ = {
			isa = XCBuildConfiguration;
			buildSettings = {
				ALWAYS_EMBED_SWIFT_STANDARD_LIBRARIES = YES;
				CODE_SIGN_STYLE = Automatic;
				CURRENT_PROJECT_VERSION = 1;
				DEVELOPMENT_TEAM = QWSTH3UGG6;
				GENERATE_INFOPLIST_FILE = YES;
				MARKETING_VERSION = 1.0;
				PRODUCT_BUNDLE_IDENTIFIER = com.rmh211.InterActUITests;
				PRODUCT_NAME = "$(TARGET_NAME)";
				SWIFT_EMIT_LOC_STRINGS = NO;
				SWIFT_VERSION = 5.0;
				TARGETED_DEVICE_FAMILY = "1,2";
				TEST_TARGET_NAME = InterAct;
			};
			name = Debug;
		};
		B06A876828E5E2B500201623 /* Release */ = {
			isa = XCBuildConfiguration;
			buildSettings = {
				ALWAYS_EMBED_SWIFT_STANDARD_LIBRARIES = YES;
				CODE_SIGN_STYLE = Automatic;
				CURRENT_PROJECT_VERSION = 1;
				DEVELOPMENT_TEAM = QWSTH3UGG6;
				GENERATE_INFOPLIST_FILE = YES;
				MARKETING_VERSION = 1.0;
				PRODUCT_BUNDLE_IDENTIFIER = com.rmh211.InterActUITests;
				PRODUCT_NAME = "$(TARGET_NAME)";
				SWIFT_EMIT_LOC_STRINGS = NO;
				SWIFT_VERSION = 5.0;
				TARGETED_DEVICE_FAMILY = "1,2";
				TEST_TARGET_NAME = InterAct;
			};
			name = Release;
		};
/* End XCBuildConfiguration section */

/* Begin XCConfigurationList section */
		B06A872E28E5E2B400201623 /* Build configuration list for PBXProject "InterAct" */ = {
			isa = XCConfigurationList;
			buildConfigurations = (
				B06A875E28E5E2B500201623 /* Debug */,
				B06A875F28E5E2B500201623 /* Release */,
			);
			defaultConfigurationIsVisible = 0;
			defaultConfigurationName = Release;
		};
		B06A876028E5E2B500201623 /* Build configuration list for PBXNativeTarget "InterAct" */ = {
			isa = XCConfigurationList;
			buildConfigurations = (
				B06A876128E5E2B500201623 /* Debug */,
				B06A876228E5E2B500201623 /* Release */,
			);
			defaultConfigurationIsVisible = 0;
			defaultConfigurationName = Release;
		};
		B06A876328E5E2B500201623 /* Build configuration list for PBXNativeTarget "InterActTests" */ = {
			isa = XCConfigurationList;
			buildConfigurations = (
				B06A876428E5E2B500201623 /* Debug */,
				B06A876528E5E2B500201623 /* Release */,
			);
			defaultConfigurationIsVisible = 0;
			defaultConfigurationName = Release;
		};
		B06A876628E5E2B500201623 /* Build configuration list for PBXNativeTarget "InterActUITests" */ = {
			isa = XCConfigurationList;
			buildConfigurations = (
				B06A876728E5E2B500201623 /* Debug */,
				B06A876828E5E2B500201623 /* Release */,
			);
			defaultConfigurationIsVisible = 0;
			defaultConfigurationName = Release;
		};
/* End XCConfigurationList section */

/* Begin XCVersionGroup section */
		B06A873F28E5E2B400201623 /* InterAct.xcdatamodeld */ = {
			isa = XCVersionGroup;
			children = (
				B06A874028E5E2B400201623 /* InterAct.xcdatamodel */,
			);
			currentVersion = B06A874028E5E2B400201623 /* InterAct.xcdatamodel */;
			path = InterAct.xcdatamodeld;
			sourceTree = "<group>";
			versionGroupType = wrapper.xcdatamodel;
		};
/* End XCVersionGroup section */
	};
	rootObject = B06A872B28E5E2B400201623 /* Project object */;
}
